// !$*UTF8*$!
{
	archiveVersion = 1;
	classes = {
	};
	objectVersion = 50;
	objects = {

/* Begin PBXBuildFile section */
		7A6E0090214CBD690020ED6D /* AppDelegate.swift in Sources */ = {isa = PBXBuildFile; fileRef = 7A6E008F214CBD690020ED6D /* AppDelegate.swift */; };
		7A6E0092214CBD690020ED6D /* ViewController.swift in Sources */ = {isa = PBXBuildFile; fileRef = 7A6E0091214CBD690020ED6D /* ViewController.swift */; };
		7A6E0094214CBD6A0020ED6D /* Assets.xcassets in Resources */ = {isa = PBXBuildFile; fileRef = 7A6E0093214CBD6A0020ED6D /* Assets.xcassets */; };
		7A6E0097214CBD6A0020ED6D /* Main.storyboard in Resources */ = {isa = PBXBuildFile; fileRef = 7A6E0095214CBD6A0020ED6D /* Main.storyboard */; };
		7A6E00A3214CBD6A0020ED6D /* NeToolTests.swift in Sources */ = {isa = PBXBuildFile; fileRef = 7A6E00A2214CBD6A0020ED6D /* NeToolTests.swift */; };
		7A6E00AE214CBD6A0020ED6D /* NeToolUITests.swift in Sources */ = {isa = PBXBuildFile; fileRef = 7A6E00AD214CBD6A0020ED6D /* NeToolUITests.swift */; };
		7A6E00BC214CBD9B0020ED6D /* StatusBarView.swift in Sources */ = {isa = PBXBuildFile; fileRef = 7A6E00BB214CBD9B0020ED6D /* StatusBarView.swift */; };
		7A6E00BE214CDDA30020ED6D /* NetSpeedMonitor.swift in Sources */ = {isa = PBXBuildFile; fileRef = 7A6E00BD214CDDA30020ED6D /* NetSpeedMonitor.swift */; };
/* End PBXBuildFile section */

/* Begin PBXContainerItemProxy section */
		7A6E009F214CBD6A0020ED6D /* PBXContainerItemProxy */ = {
			isa = PBXContainerItemProxy;
			containerPortal = 7A6E0084214CBD690020ED6D /* Project object */;
			proxyType = 1;
			remoteGlobalIDString = 7A6E008B214CBD690020ED6D;
			remoteInfo = NeTool;
		};
		7A6E00AA214CBD6A0020ED6D /* PBXContainerItemProxy */ = {
			isa = PBXContainerItemProxy;
			containerPortal = 7A6E0084214CBD690020ED6D /* Project object */;
			proxyType = 1;
			remoteGlobalIDString = 7A6E008B214CBD690020ED6D;
			remoteInfo = NeTool;
		};
/* End PBXContainerItemProxy section */

/* Begin PBXFileReference section */
		7A6E008C214CBD690020ED6D /* NeTool.app */ = {isa = PBXFileReference; explicitFileType = wrapper.application; includeInIndex = 0; path = NeTool.app; sourceTree = BUILT_PRODUCTS_DIR; };
		7A6E008F214CBD690020ED6D /* AppDelegate.swift */ = {isa = PBXFileReference; lastKnownFileType = sourcecode.swift; path = AppDelegate.swift; sourceTree = "<group>"; };
		7A6E0091214CBD690020ED6D /* ViewController.swift */ = {isa = PBXFileReference; lastKnownFileType = sourcecode.swift; path = ViewController.swift; sourceTree = "<group>"; };
		7A6E0093214CBD6A0020ED6D /* Assets.xcassets */ = {isa = PBXFileReference; lastKnownFileType = folder.assetcatalog; path = Assets.xcassets; sourceTree = "<group>"; };
		7A6E0096214CBD6A0020ED6D /* Base */ = {isa = PBXFileReference; lastKnownFileType = file.storyboard; name = Base; path = Base.lproj/Main.storyboard; sourceTree = "<group>"; };
		7A6E0098214CBD6A0020ED6D /* Info.plist */ = {isa = PBXFileReference; lastKnownFileType = text.plist.xml; path = Info.plist; sourceTree = "<group>"; };
		7A6E0099214CBD6A0020ED6D /* NeTool.entitlements */ = {isa = PBXFileReference; lastKnownFileType = text.plist.entitlements; path = NeTool.entitlements; sourceTree = "<group>"; };
		7A6E009E214CBD6A0020ED6D /* NeToolTests.xctest */ = {isa = PBXFileReference; explicitFileType = wrapper.cfbundle; includeInIndex = 0; path = NeToolTests.xctest; sourceTree = BUILT_PRODUCTS_DIR; };
		7A6E00A2214CBD6A0020ED6D /* NeToolTests.swift */ = {isa = PBXFileReference; lastKnownFileType = sourcecode.swift; path = NeToolTests.swift; sourceTree = "<group>"; };
		7A6E00A4214CBD6A0020ED6D /* Info.plist */ = {isa = PBXFileReference; lastKnownFileType = text.plist.xml; path = Info.plist; sourceTree = "<group>"; };
		7A6E00A9214CBD6A0020ED6D /* NeToolUITests.xctest */ = {isa = PBXFileReference; explicitFileType = wrapper.cfbundle; includeInIndex = 0; path = NeToolUITests.xctest; sourceTree = BUILT_PRODUCTS_DIR; };
		7A6E00AD214CBD6A0020ED6D /* NeToolUITests.swift */ = {isa = PBXFileReference; lastKnownFileType = sourcecode.swift; path = NeToolUITests.swift; sourceTree = "<group>"; };
		7A6E00AF214CBD6A0020ED6D /* Info.plist */ = {isa = PBXFileReference; lastKnownFileType = text.plist.xml; path = Info.plist; sourceTree = "<group>"; };
		7A6E00BB214CBD9B0020ED6D /* StatusBarView.swift */ = {isa = PBXFileReference; lastKnownFileType = sourcecode.swift; path = StatusBarView.swift; sourceTree = "<group>"; };
		7A6E00BD214CDDA30020ED6D /* NetSpeedMonitor.swift */ = {isa = PBXFileReference; lastKnownFileType = sourcecode.swift; path = NetSpeedMonitor.swift; sourceTree = "<group>"; };
/* End PBXFileReference section */

/* Begin PBXFrameworksBuildPhase section */
		7A6E0089214CBD690020ED6D /* Frameworks */ = {
			isa = PBXFrameworksBuildPhase;
			buildActionMask = 2147483647;
			files = (
			);
			runOnlyForDeploymentPostprocessing = 0;
		};
		7A6E009B214CBD6A0020ED6D /* Frameworks */ = {
			isa = PBXFrameworksBuildPhase;
			buildActionMask = 2147483647;
			files = (
			);
			runOnlyForDeploymentPostprocessing = 0;
		};
		7A6E00A6214CBD6A0020ED6D /* Frameworks */ = {
			isa = PBXFrameworksBuildPhase;
			buildActionMask = 2147483647;
			files = (
			);
			runOnlyForDeploymentPostprocessing = 0;
		};
/* End PBXFrameworksBuildPhase section */

/* Begin PBXGroup section */
		7A6E0083214CBD690020ED6D = {
			isa = PBXGroup;
			children = (
				7A6E008E214CBD690020ED6D /* NeTool */,
				7A6E00A1214CBD6A0020ED6D /* NeToolTests */,
				7A6E00AC214CBD6A0020ED6D /* NeToolUITests */,
				7A6E008D214CBD690020ED6D /* Products */,
			);
			sourceTree = "<group>";
		};
		7A6E008D214CBD690020ED6D /* Products */ = {
			isa = PBXGroup;
			children = (
				7A6E008C214CBD690020ED6D /* NeTool.app */,
				7A6E009E214CBD6A0020ED6D /* NeToolTests.xctest */,
				7A6E00A9214CBD6A0020ED6D /* NeToolUITests.xctest */,
			);
			name = Products;
			sourceTree = "<group>";
		};
		7A6E008E214CBD690020ED6D /* NeTool */ = {
			isa = PBXGroup;
			children = (
				7A6E008F214CBD690020ED6D /* AppDelegate.swift */,
				7A6E0091214CBD690020ED6D /* ViewController.swift */,
				7A6E0093214CBD6A0020ED6D /* Assets.xcassets */,
				7A6E0095214CBD6A0020ED6D /* Main.storyboard */,
				7A6E0098214CBD6A0020ED6D /* Info.plist */,
				7A6E0099214CBD6A0020ED6D /* NeTool.entitlements */,
				7A6E00BB214CBD9B0020ED6D /* StatusBarView.swift */,
				7A6E00BD214CDDA30020ED6D /* NetSpeedMonitor.swift */,
			);
			path = NeTool;
			sourceTree = "<group>";
		};
		7A6E00A1214CBD6A0020ED6D /* NeToolTests */ = {
			isa = PBXGroup;
			children = (
				7A6E00A2214CBD6A0020ED6D /* NeToolTests.swift */,
				7A6E00A4214CBD6A0020ED6D /* Info.plist */,
			);
			path = NeToolTests;
			sourceTree = "<group>";
		};
		7A6E00AC214CBD6A0020ED6D /* NeToolUITests */ = {
			isa = PBXGroup;
			children = (
				7A6E00AD214CBD6A0020ED6D /* NeToolUITests.swift */,
				7A6E00AF214CBD6A0020ED6D /* Info.plist */,
			);
			path = NeToolUITests;
			sourceTree = "<group>";
		};
/* End PBXGroup section */

/* Begin PBXNativeTarget section */
		7A6E008B214CBD690020ED6D /* NeTool */ = {
			isa = PBXNativeTarget;
			buildConfigurationList = 7A6E00B2214CBD6A0020ED6D /* Build configuration list for PBXNativeTarget "NeTool" */;
			buildPhases = (
				7A6E0088214CBD690020ED6D /* Sources */,
				7A6E0089214CBD690020ED6D /* Frameworks */,
				7A6E008A214CBD690020ED6D /* Resources */,
			);
			buildRules = (
			);
			dependencies = (
			);
			name = NeTool;
			productName = NeTool;
			productReference = 7A6E008C214CBD690020ED6D /* NeTool.app */;
			productType = "com.apple.product-type.application";
		};
		7A6E009D214CBD6A0020ED6D /* NeToolTests */ = {
			isa = PBXNativeTarget;
			buildConfigurationList = 7A6E00B5214CBD6A0020ED6D /* Build configuration list for PBXNativeTarget "NeToolTests" */;
			buildPhases = (
				7A6E009A214CBD6A0020ED6D /* Sources */,
				7A6E009B214CBD6A0020ED6D /* Frameworks */,
				7A6E009C214CBD6A0020ED6D /* Resources */,
			);
			buildRules = (
			);
			dependencies = (
				7A6E00A0214CBD6A0020ED6D /* PBXTargetDependency */,
			);
			name = NeToolTests;
			productName = NeToolTests;
			productReference = 7A6E009E214CBD6A0020ED6D /* NeToolTests.xctest */;
			productType = "com.apple.product-type.bundle.unit-test";
		};
		7A6E00A8214CBD6A0020ED6D /* NeToolUITests */ = {
			isa = PBXNativeTarget;
			buildConfigurationList = 7A6E00B8214CBD6A0020ED6D /* Build configuration list for PBXNativeTarget "NeToolUITests" */;
			buildPhases = (
				7A6E00A5214CBD6A0020ED6D /* Sources */,
				7A6E00A6214CBD6A0020ED6D /* Frameworks */,
				7A6E00A7214CBD6A0020ED6D /* Resources */,
			);
			buildRules = (
			);
			dependencies = (
				7A6E00AB214CBD6A0020ED6D /* PBXTargetDependency */,
			);
			name = NeToolUITests;
			productName = NeToolUITests;
			productReference = 7A6E00A9214CBD6A0020ED6D /* NeToolUITests.xctest */;
			productType = "com.apple.product-type.bundle.ui-testing";
		};
/* End PBXNativeTarget section */

/* Begin PBXProject section */
		7A6E0084214CBD690020ED6D /* Project object */ = {
			isa = PBXProject;
			attributes = {
				LastSwiftUpdateCheck = 0940;
				LastUpgradeCheck = 0940;
				ORGANIZATIONNAME = "Liu, Tao (Toni)";
				TargetAttributes = {
					7A6E008B214CBD690020ED6D = {
						CreatedOnToolsVersion = 9.4.1;
						SystemCapabilities = {
							com.apple.Sandbox = {
								enabled = 0;
							};
						};
					};
					7A6E009D214CBD6A0020ED6D = {
						CreatedOnToolsVersion = 9.4.1;
						TestTargetID = 7A6E008B214CBD690020ED6D;
					};
					7A6E00A8214CBD6A0020ED6D = {
						CreatedOnToolsVersion = 9.4.1;
						TestTargetID = 7A6E008B214CBD690020ED6D;
					};
				};
			};
			buildConfigurationList = 7A6E0087214CBD690020ED6D /* Build configuration list for PBXProject "NeTool" */;
			compatibilityVersion = "Xcode 9.3";
			developmentRegion = en;
			hasScannedForEncodings = 0;
			knownRegions = (
				en,
				Base,
			);
			mainGroup = 7A6E0083214CBD690020ED6D;
			productRefGroup = 7A6E008D214CBD690020ED6D /* Products */;
			projectDirPath = "";
			projectRoot = "";
			targets = (
				7A6E008B214CBD690020ED6D /* NeTool */,
				7A6E009D214CBD6A0020ED6D /* NeToolTests */,
				7A6E00A8214CBD6A0020ED6D /* NeToolUITests */,
			);
		};
/* End PBXProject section */

/* Begin PBXResourcesBuildPhase section */
		7A6E008A214CBD690020ED6D /* Resources */ = {
			isa = PBXResourcesBuildPhase;
			buildActionMask = 2147483647;
			files = (
				7A6E0094214CBD6A0020ED6D /* Assets.xcassets in Resources */,
				7A6E0097214CBD6A0020ED6D /* Main.storyboard in Resources */,
			);
			runOnlyForDeploymentPostprocessing = 0;
		};
		7A6E009C214CBD6A0020ED6D /* Resources */ = {
			isa = PBXResourcesBuildPhase;
			buildActionMask = 2147483647;
			files = (
			);
			runOnlyForDeploymentPostprocessing = 0;
		};
		7A6E00A7214CBD6A0020ED6D /* Resources */ = {
			isa = PBXResourcesBuildPhase;
			buildActionMask = 2147483647;
			files = (
			);
			runOnlyForDeploymentPostprocessing = 0;
		};
/* End PBXResourcesBuildPhase section */

/* Begin PBXSourcesBuildPhase section */
		7A6E0088214CBD690020ED6D /* Sources */ = {
			isa = PBXSourcesBuildPhase;
			buildActionMask = 2147483647;
			files = (
				7A6E00BC214CBD9B0020ED6D /* StatusBarView.swift in Sources */,
				7A6E0092214CBD690020ED6D /* ViewController.swift in Sources */,
				7A6E0090214CBD690020ED6D /* AppDelegate.swift in Sources */,
				7A6E00BE214CDDA30020ED6D /* NetSpeedMonitor.swift in Sources */,
			);
			runOnlyForDeploymentPostprocessing = 0;
		};
		7A6E009A214CBD6A0020ED6D /* Sources */ = {
			isa = PBXSourcesBuildPhase;
			buildActionMask = 2147483647;
			files = (
				7A6E00A3214CBD6A0020ED6D /* NeToolTests.swift in Sources */,
			);
			runOnlyForDeploymentPostprocessing = 0;
		};
		7A6E00A5214CBD6A0020ED6D /* Sources */ = {
			isa = PBXSourcesBuildPhase;
			buildActionMask = 2147483647;
			files = (
				7A6E00AE214CBD6A0020ED6D /* NeToolUITests.swift in Sources */,
			);
			runOnlyForDeploymentPostprocessing = 0;
		};
/* End PBXSourcesBuildPhase section */

/* Begin PBXTargetDependency section */
		7A6E00A0214CBD6A0020ED6D /* PBXTargetDependency */ = {
			isa = PBXTargetDependency;
			target = 7A6E008B214CBD690020ED6D /* NeTool */;
			targetProxy = 7A6E009F214CBD6A0020ED6D /* PBXContainerItemProxy */;
		};
		7A6E00AB214CBD6A0020ED6D /* PBXTargetDependency */ = {
			isa = PBXTargetDependency;
			target = 7A6E008B214CBD690020ED6D /* NeTool */;
			targetProxy = 7A6E00AA214CBD6A0020ED6D /* PBXContainerItemProxy */;
		};
/* End PBXTargetDependency section */

/* Begin PBXVariantGroup section */
		7A6E0095214CBD6A0020ED6D /* Main.storyboard */ = {
			isa = PBXVariantGroup;
			children = (
				7A6E0096214CBD6A0020ED6D /* Base */,
			);
			name = Main.storyboard;
			sourceTree = "<group>";
		};
/* End PBXVariantGroup section */

/* Begin XCBuildConfiguration section */
		7A6E00B0214CBD6A0020ED6D /* Debug */ = {
			isa = XCBuildConfiguration;
			buildSettings = {
				ALWAYS_SEARCH_USER_PATHS = NO;
				CLANG_ANALYZER_NONNULL = YES;
				CLANG_ANALYZER_NUMBER_OBJECT_CONVERSION = YES_AGGRESSIVE;
				CLANG_CXX_LANGUAGE_STANDARD = "gnu++14";
				CLANG_CXX_LIBRARY = "libc++";
				CLANG_ENABLE_MODULES = YES;
				CLANG_ENABLE_OBJC_ARC = YES;
				CLANG_ENABLE_OBJC_WEAK = YES;
				CLANG_WARN_BLOCK_CAPTURE_AUTORELEASING = YES;
				CLANG_WARN_BOOL_CONVERSION = YES;
				CLANG_WARN_COMMA = YES;
				CLANG_WARN_CONSTANT_CONVERSION = YES;
				CLANG_WARN_DEPRECATED_OBJC_IMPLEMENTATIONS = YES;
				CLANG_WARN_DIRECT_OBJC_ISA_USAGE = YES_ERROR;
				CLANG_WARN_DOCUMENTATION_COMMENTS = YES;
				CLANG_WARN_EMPTY_BODY = YES;
				CLANG_WARN_ENUM_CONVERSION = YES;
				CLANG_WARN_INFINITE_RECURSION = YES;
				CLANG_WARN_INT_CONVERSION = YES;
				CLANG_WARN_NON_LITERAL_NULL_CONVERSION = YES;
				CLANG_WARN_OBJC_IMPLICIT_RETAIN_SELF = YES;
				CLANG_WARN_OBJC_LITERAL_CONVERSION = YES;
				CLANG_WARN_OBJC_ROOT_CLASS = YES_ERROR;
				CLANG_WARN_RANGE_LOOP_ANALYSIS = YES;
				CLANG_WARN_STRICT_PROTOTYPES = YES;
				CLANG_WARN_SUSPICIOUS_MOVE = YES;
				CLANG_WARN_UNGUARDED_AVAILABILITY = YES_AGGRESSIVE;
				CLANG_WARN_UNREACHABLE_CODE = YES;
				CLANG_WARN__DUPLICATE_METHOD_MATCH = YES;
				CODE_SIGN_IDENTITY = "-";
				COPY_PHASE_STRIP = NO;
				DEBUG_INFORMATION_FORMAT = dwarf;
				ENABLE_STRICT_OBJC_MSGSEND = YES;
				ENABLE_TESTABILITY = YES;
				GCC_C_LANGUAGE_STANDARD = gnu11;
				GCC_DYNAMIC_NO_PIC = NO;
				GCC_NO_COMMON_BLOCKS = YES;
				GCC_OPTIMIZATION_LEVEL = 0;
				GCC_PREPROCESSOR_DEFINITIONS = (
					"DEBUG=1",
					"$(inherited)",
				);
				GCC_WARN_64_TO_32_BIT_CONVERSION = YES;
				GCC_WARN_ABOUT_RETURN_TYPE = YES_ERROR;
				GCC_WARN_UNDECLARED_SELECTOR = YES;
				GCC_WARN_UNINITIALIZED_AUTOS = YES_AGGRESSIVE;
				GCC_WARN_UNUSED_FUNCTION = YES;
				GCC_WARN_UNUSED_VARIABLE = YES;
				MACOSX_DEPLOYMENT_TARGET = 10.13;
				MTL_ENABLE_DEBUG_INFO = YES;
				ONLY_ACTIVE_ARCH = YES;
				SDKROOT = macosx;
				SWIFT_ACTIVE_COMPILATION_CONDITIONS = DEBUG;
				SWIFT_OPTIMIZATION_LEVEL = "-Onone";
			};
			name = Debug;
		};
		7A6E00B1214CBD6A0020ED6D /* Release */ = {
			isa = XCBuildConfiguration;
			buildSettings = {
				ALWAYS_SEARCH_USER_PATHS = NO;
				CLANG_ANALYZER_NONNULL = YES;
				CLANG_ANALYZER_NUMBER_OBJECT_CONVERSION = YES_AGGRESSIVE;
				CLANG_CXX_LANGUAGE_STANDARD = "gnu++14";
				CLANG_CXX_LIBRARY = "libc++";
				CLANG_ENABLE_MODULES = YES;
				CLANG_ENABLE_OBJC_ARC = YES;
				CLANG_ENABLE_OBJC_WEAK = YES;
				CLANG_WARN_BLOCK_CAPTURE_AUTORELEASING = YES;
				CLANG_WARN_BOOL_CONVERSION = YES;
				CLANG_WARN_COMMA = YES;
				CLANG_WARN_CONSTANT_CONVERSION = YES;
				CLANG_WARN_DEPRECATED_OBJC_IMPLEMENTATIONS = YES;
				CLANG_WARN_DIRECT_OBJC_ISA_USAGE = YES_ERROR;
				CLANG_WARN_DOCUMENTATION_COMMENTS = YES;
				CLANG_WARN_EMPTY_BODY = YES;
				CLANG_WARN_ENUM_CONVERSION = YES;
				CLANG_WARN_INFINITE_RECURSION = YES;
				CLANG_WARN_INT_CONVERSION = YES;
				CLANG_WARN_NON_LITERAL_NULL_CONVERSION = YES;
				CLANG_WARN_OBJC_IMPLICIT_RETAIN_SELF = YES;
				CLANG_WARN_OBJC_LITERAL_CONVERSION = YES;
				CLANG_WARN_OBJC_ROOT_CLASS = YES_ERROR;
				CLANG_WARN_RANGE_LOOP_ANALYSIS = YES;
				CLANG_WARN_STRICT_PROTOTYPES = YES;
				CLANG_WARN_SUSPICIOUS_MOVE = YES;
				CLANG_WARN_UNGUARDED_AVAILABILITY = YES_AGGRESSIVE;
				CLANG_WARN_UNREACHABLE_CODE = YES;
				CLANG_WARN__DUPLICATE_METHOD_MATCH = YES;
				CODE_SIGN_IDENTITY = "-";
				COPY_PHASE_STRIP = NO;
				DEBUG_INFORMATION_FORMAT = "dwarf-with-dsym";
				ENABLE_NS_ASSERTIONS = NO;
				ENABLE_STRICT_OBJC_MSGSEND = YES;
				GCC_C_LANGUAGE_STANDARD = gnu11;
				GCC_NO_COMMON_BLOCKS = YES;
				GCC_WARN_64_TO_32_BIT_CONVERSION = YES;
				GCC_WARN_ABOUT_RETURN_TYPE = YES_ERROR;
				GCC_WARN_UNDECLARED_SELECTOR = YES;
				GCC_WARN_UNINITIALIZED_AUTOS = YES_AGGRESSIVE;
				GCC_WARN_UNUSED_FUNCTION = YES;
				GCC_WARN_UNUSED_VARIABLE = YES;
				MACOSX_DEPLOYMENT_TARGET = 10.13;
				MTL_ENABLE_DEBUG_INFO = NO;
				SDKROOT = macosx;
				SWIFT_COMPILATION_MODE = wholemodule;
				SWIFT_OPTIMIZATION_LEVEL = "-O";
			};
			name = Release;
		};
		7A6E00B3214CBD6A0020ED6D /* Debug */ = {
			isa = XCBuildConfiguration;
			buildSettings = {
				ASSETCATALOG_COMPILER_APPICON_NAME = AppIcon;
				CODE_SIGN_STYLE = Automatic;
				COMBINE_HIDPI_IMAGES = YES;
				INFOPLIST_FILE = NeTool/Info.plist;
				LD_RUNPATH_SEARCH_PATHS = (
					"$(inherited)",
					"@executable_path/../Frameworks",
				);
				PRODUCT_BUNDLE_IDENTIFIER = MicroStrategy.NeTool;
				PRODUCT_NAME = "$(TARGET_NAME)";
				SWIFT_VERSION = 3.0;
			};
			name = Debug;
		};
		7A6E00B4214CBD6A0020ED6D /* Release */ = {
			isa = XCBuildConfiguration;
			buildSettings = {
				ASSETCATALOG_COMPILER_APPICON_NAME = AppIcon;
				CODE_SIGN_STYLE = Automatic;
				COMBINE_HIDPI_IMAGES = YES;
				INFOPLIST_FILE = NeTool/Info.plist;
				LD_RUNPATH_SEARCH_PATHS = (
					"$(inherited)",
					"@executable_path/../Frameworks",
				);
				PRODUCT_BUNDLE_IDENTIFIER = MicroStrategy.NeTool;
				PRODUCT_NAME = "$(TARGET_NAME)";
				SWIFT_VERSION = 3.0;
			};
			name = Release;
		};
		7A6E00B6214CBD6A0020ED6D /* Debug */ = {
			isa = XCBuildConfiguration;
			buildSettings = {
				ALWAYS_EMBED_SWIFT_STANDARD_LIBRARIES = YES;
				BUNDLE_LOADER = "$(TEST_HOST)";
				CODE_SIGN_STYLE = Automatic;
				COMBINE_HIDPI_IMAGES = YES;
				INFOPLIST_FILE = NeToolTests/Info.plist;
				LD_RUNPATH_SEARCH_PATHS = (
					"$(inherited)",
					"@executable_path/../Frameworks",
					"@loader_path/../Frameworks",
				);
				PRODUCT_BUNDLE_IDENTIFIER = MicroStrategy.NeToolTests;
				PRODUCT_NAME = "$(TARGET_NAME)";
				SWIFT_VERSION = 4.0;
				TEST_HOST = "$(BUILT_PRODUCTS_DIR)/NeTool.app/Contents/MacOS/NeTool";
			};
			name = Debug;
		};
		7A6E00B7214CBD6A0020ED6D /* Release */ = {
			isa = XCBuildConfiguration;
			buildSettings = {
				ALWAYS_EMBED_SWIFT_STANDARD_LIBRARIES = YES;
				BUNDLE_LOADER = "$(TEST_HOST)";
				CODE_SIGN_STYLE = Automatic;
				COMBINE_HIDPI_IMAGES = YES;
				INFOPLIST_FILE = NeToolTests/Info.plist;
				LD_RUNPATH_SEARCH_PATHS = (
					"$(inherited)",
					"@executable_path/../Frameworks",
					"@loader_path/../Frameworks",
				);
				PRODUCT_BUNDLE_IDENTIFIER = MicroStrategy.NeToolTests;
				PRODUCT_NAME = "$(TARGET_NAME)";
				SWIFT_VERSION = 4.0;
				TEST_HOST = "$(BUILT_PRODUCTS_DIR)/NeTool.app/Contents/MacOS/NeTool";
			};
			name = Release;
		};
		7A6E00B9214CBD6A0020ED6D /* Debug */ = {
			isa = XCBuildConfiguration;
			buildSettings = {
				ALWAYS_EMBED_SWIFT_STANDARD_LIBRARIES = YES;
				CODE_SIGN_STYLE = Automatic;
				COMBINE_HIDPI_IMAGES = YES;
				INFOPLIST_FILE = NeToolUITests/Info.plist;
				LD_RUNPATH_SEARCH_PATHS = (
					"$(inherited)",
					"@executable_path/../Frameworks",
					"@loader_path/../Frameworks",
				);
				PRODUCT_BUNDLE_IDENTIFIER = MicroStrategy.NeToolUITests;
				PRODUCT_NAME = "$(TARGET_NAME)";
				SWIFT_VERSION = 4.0;
				TEST_TARGET_NAME = NeTool;
			};
			name = Debug;
		};
		7A6E00BA214CBD6A0020ED6D /* Release */ = {
			isa = XCBuildConfiguration;
			buildSettings = {
				ALWAYS_EMBED_SWIFT_STANDARD_LIBRARIES = YES;
				CODE_SIGN_STYLE = Automatic;
				COMBINE_HIDPI_IMAGES = YES;
				INFOPLIST_FILE = NeToolUITests/Info.plist;
				LD_RUNPATH_SEARCH_PATHS = (
					"$(inherited)",
					"@executable_path/../Frameworks",
					"@loader_path/../Frameworks",
				);
				PRODUCT_BUNDLE_IDENTIFIER = MicroStrategy.NeToolUITests;
				PRODUCT_NAME = "$(TARGET_NAME)";
				SWIFT_VERSION = 4.0;
				TEST_TARGET_NAME = NeTool;
			};
			name = Release;
		};
/* End XCBuildConfiguration section */

/* Begin XCConfigurationList section */
		7A6E0087214CBD690020ED6D /* Build configuration list for PBXProject "NeTool" */ = {
			isa = XCConfigurationList;
			buildConfigurations = (
				7A6E00B0214CBD6A0020ED6D /* Debug */,
				7A6E00B1214CBD6A0020ED6D /* Release */,
			);
			defaultConfigurationIsVisible = 0;
			defaultConfigurationName = Release;
		};
		7A6E00B2214CBD6A0020ED6D /* Build configuration list for PBXNativeTarget "NeTool" */ = {
			isa = XCConfigurationList;
			buildConfigurations = (
				7A6E00B3214CBD6A0020ED6D /* Debug */,
				7A6E00B4214CBD6A0020ED6D /* Release */,
			);
			defaultConfigurationIsVisible = 0;
			defaultConfigurationName = Release;
		};
		7A6E00B5214CBD6A0020ED6D /* Build configuration list for PBXNativeTarget "NeToolTests" */ = {
			isa = XCConfigurationList;
			buildConfigurations = (
				7A6E00B6214CBD6A0020ED6D /* Debug */,
				7A6E00B7214CBD6A0020ED6D /* Release */,
			);
			defaultConfigurationIsVisible = 0;
			defaultConfigurationName = Release;
		};
		7A6E00B8214CBD6A0020ED6D /* Build configuration list for PBXNativeTarget "NeToolUITests" */ = {
			isa = XCConfigurationList;
			buildConfigurations = (
				7A6E00B9214CBD6A0020ED6D /* Debug */,
				7A6E00BA214CBD6A0020ED6D /* Release */,
			);
			defaultConfigurationIsVisible = 0;
			defaultConfigurationName = Release;
		};
/* End XCConfigurationList section */
	};
	rootObject = 7A6E0084214CBD690020ED6D /* Project object */;
}
